
Microsoft Visual Studio Solution File, Format Version 12.00
# Visual Studio 15
VisualStudioVersion = 15.0.28307.572
MinimumVisualStudioVersion = 10.0.40219.1
Project("{FAE04EC0-301F-11D3-BF4B-00C04F79EFBC}") = "dial-auto", "dial-auto\dial-auto.csproj", "{2670B74A-9A0D-4430-A35F-1EF3602C6812}"
EndProject
Project("{FAE04EC0-301F-11D3-BF4B-00C04F79EFBC}") = "dial-auto-svc", "dial-auto-svc\dial-auto-svc.csproj", "{975F1B02-64E4-45D8-B6CB-35F3BB37FFDA}"
EndProject
Global
	GlobalSection(SolutionConfigurationPlatforms) = preSolution
		Debug|Any CPU = Debug|Any CPU
		Release|Any CPU = Release|Any CPU
	EndGlobalSection
	GlobalSection(ProjectConfigurationPlatforms) = postSolution
		{2670B74A-9A0D-4430-A35F-1EF3602C6812}.Debug|Any CPU.ActiveCfg = Debug|Any CPU
		{2670B74A-9A0D-4430-A35F-1EF3602C6812}.Debug|Any CPU.Build.0 = Debug|Any CPU
		{2670B74A-9A0D-4430-A35F-1EF3602C6812}.Release|Any CPU.ActiveCfg = Release|Any CPU
		{2670B74A-9A0D-4430-A35F-1EF3602C6812}.Release|Any CPU.Build.0 = Release|Any CPU
		{975F1B02-64E4-45D8-B6CB-35F3BB37FFDA}.Debug|Any CPU.ActiveCfg = Debug|Any CPU
		{975F1B02-64E4-45D8-B6CB-35F3BB37FFDA}.Debug|Any CPU.Build.0 = Debug|Any CPU
		{975F1B02-64E4-45D8-B6CB-35F3BB37FFDA}.Release|Any CPU.ActiveCfg = Release|Any CPU
		{975F1B02-64E4-45D8-B6CB-35F3BB37FFDA}.Release|Any CPU.Build.0 = Release|Any CPU
	EndGlobalSection
	GlobalSection(SolutionProperties) = preSolution
		HideSolutionNode = FALSE
	EndGlobalSection
	GlobalSection(ExtensibilityGlobals) = postSolution
		SolutionGuid = {ADC0A2BD-1AE4-439A-8736-AFEEB85BEC9A}
	EndGlobalSection
EndGlobal
